// !$*UTF8*$!
{
	archiveVersion = 1;
	classes = {
	};
	objectVersion = 77;
	objects = {

/* Begin PBXBuildFile section */
		6EC3F1FC2DF5EADF00509EDA /* SnapKit in Frameworks */ = {isa = PBXBuildFile; productRef = 6EC3F1FB2DF5EADF00509EDA /* SnapKit */; };
		6EC3F20E2DFE09D900509EDA /* FirebaseAnalytics in Frameworks */ = {isa = PBXBuildFile; productRef = 6EC3F20D2DFE09D900509EDA /* FirebaseAnalytics */; };
		6EC3F2102DFE09D900509EDA /* FirebaseAuth in Frameworks */ = {isa = PBXBuildFile; productRef = 6EC3F20F2DFE09D900509EDA /* FirebaseAuth */; };
		6EC3F2122DFE09D900509EDA /* FirebaseCore in Frameworks */ = {isa = PBXBuildFile; productRef = 6EC3F2112DFE09D900509EDA /* FirebaseCore */; };
		6EC3F2142DFE09D900509EDA /* FirebaseFirestore in Frameworks */ = {isa = PBXBuildFile; productRef = 6EC3F2132DFE09D900509EDA /* FirebaseFirestore */; };
/* End PBXBuildFile section */

/* Begin PBXFileReference section */
		6EC3F1A52DEB6A9300509EDA /* TooDo.app */ = {isa = PBXFileReference; explicitFileType = wrapper.application; includeInIndex = 0; path = TooDo.app; sourceTree = BUILT_PRODUCTS_DIR; };
/* End PBXFileReference section */

/* Begin PBXFileSystemSynchronizedBuildFileExceptionSet section */
		6EC3F1B72DEB6A9400509EDA /* Exceptions for "TooDo" folder in "TooDo" target */ = {
			isa = PBXFileSystemSynchronizedBuildFileExceptionSet;
			membershipExceptions = (
				Info.plist,
			);
			target = 6EC3F1A42DEB6A9300509EDA /* TooDo */;
		};
/* End PBXFileSystemSynchronizedBuildFileExceptionSet section */

/* Begin PBXFileSystemSynchronizedRootGroup section */
		6EC3F1A72DEB6A9300509EDA /* TooDo */ = {
			isa = PBXFileSystemSynchronizedRootGroup;
			exceptions = (
				6EC3F1B72DEB6A9400509EDA /* Exceptions for "TooDo" folder in "TooDo" target */,
			);
			path = TooDo;
			sourceTree = "<group>";
		};
		6EC3F1BD2DEB771E00509EDA /* Apps */ = {
			isa = PBXFileSystemSynchronizedRootGroup;
			path = Apps;
			sourceTree = "<group>";
		};
		6EC3F1BE2DEC6A3700509EDA /* Views */ = {
			isa = PBXFileSystemSynchronizedRootGroup;
			path = Views;
			sourceTree = "<group>";
		};
		6EC3F1F52DF0F10700509EDA /* Scenes */ = {
			isa = PBXFileSystemSynchronizedRootGroup;
			path = Scenes;
			sourceTree = "<group>";
		};
		6EC3F2062DF773E000509EDA /* Font */ = {
			isa = PBXFileSystemSynchronizedRootGroup;
			path = Font;
			sourceTree = "<group>";
		};
/* End PBXFileSystemSynchronizedRootGroup section */

/* Begin PBXFrameworksBuildPhase section */
		6EC3F1A22DEB6A9300509EDA /* Frameworks */ = {
			isa = PBXFrameworksBuildPhase;
			buildActionMask = 2147483647;
			files = (
				6EC3F20E2DFE09D900509EDA /* FirebaseAnalytics in Frameworks */,
				6EC3F2102DFE09D900509EDA /* FirebaseAuth in Frameworks */,
				6EC3F2122DFE09D900509EDA /* FirebaseCore in Frameworks */,
				6EC3F2142DFE09D900509EDA /* FirebaseFirestore in Frameworks */,
				6EC3F1FC2DF5EADF00509EDA /* SnapKit in Frameworks */,
			);
			runOnlyForDeploymentPostprocessing = 0;
		};
/* End PBXFrameworksBuildPhase section */

/* Begin PBXGroup section */
		6EC3F19C2DEB6A9300509EDA = {
			isa = PBXGroup;
			children = (
				6EC3F2062DF773E000509EDA /* Font */,
				6EC3F1F52DF0F10700509EDA /* Scenes */,
				6EC3F1BE2DEC6A3700509EDA /* Views */,
				6EC3F1BD2DEB771E00509EDA /* Apps */,
				6EC3F1A72DEB6A9300509EDA /* TooDo */,
				6EC3F1A62DEB6A9300509EDA /* Products */,
			);
			sourceTree = "<group>";
		};
		6EC3F1A62DEB6A9300509EDA /* Products */ = {
			isa = PBXGroup;
			children = (
				6EC3F1A52DEB6A9300509EDA /* TooDo.app */,
			);
			name = Products;
			sourceTree = "<group>";
		};
/* End PBXGroup section */

/* Begin PBXNativeTarget section */
		6EC3F1A42DEB6A9300509EDA /* TooDo */ = {
			isa = PBXNativeTarget;
			buildConfigurationList = 6EC3F1B82DEB6A9400509EDA /* Build configuration list for PBXNativeTarget "TooDo" */;
			buildPhases = (
				6EC3F1A12DEB6A9300509EDA /* Sources */,
				6EC3F1A22DEB6A9300509EDA /* Frameworks */,
				6EC3F1A32DEB6A9300509EDA /* Resources */,
			);
			buildRules = (
			);
			dependencies = (
			);
			fileSystemSynchronizedGroups = (
				6EC3F1A72DEB6A9300509EDA /* TooDo */,
				6EC3F1BD2DEB771E00509EDA /* Apps */,
				6EC3F1BE2DEC6A3700509EDA /* Views */,
				6EC3F1F52DF0F10700509EDA /* Scenes */,
				6EC3F2062DF773E000509EDA /* Font */,
			);
			name = TooDo;
			packageProductDependencies = (
				6EC3F1FB2DF5EADF00509EDA /* SnapKit */,
				6EC3F20D2DFE09D900509EDA /* FirebaseAnalytics */,
				6EC3F20F2DFE09D900509EDA /* FirebaseAuth */,
				6EC3F2112DFE09D900509EDA /* FirebaseCore */,
				6EC3F2132DFE09D900509EDA /* FirebaseFirestore */,
			);
			productName = TooDo;
			productReference = 6EC3F1A52DEB6A9300509EDA /* TooDo.app */;
			productType = "com.apple.product-type.application";
		};
/* End PBXNativeTarget section */

/* Begin PBXProject section */
		6EC3F19D2DEB6A9300509EDA /* Project object */ = {
			isa = PBXProject;
			attributes = {
				BuildIndependentTargetsInParallel = 1;
				LastSwiftUpdateCheck = 1630;
				LastUpgradeCheck = 1630;
				TargetAttributes = {
					6EC3F1A42DEB6A9300509EDA = {
						CreatedOnToolsVersion = 16.3;
					};
				};
			};
			buildConfigurationList = 6EC3F1A02DEB6A9300509EDA /* Build configuration list for PBXProject "TooDo" */;
			developmentRegion = en;
			hasScannedForEncodings = 0;
			knownRegions = (
				en,
				Base,
			);
			mainGroup = 6EC3F19C2DEB6A9300509EDA;
			minimizedProjectReferenceProxies = 1;
			packageReferences = (
				6EC3F1FA2DF5EADF00509EDA /* XCRemoteSwiftPackageReference "SnapKit" */,
				6EC3F20C2DFE09D900509EDA /* XCRemoteSwiftPackageReference "firebase-ios-sdk" */,
			);
			preferredProjectObjectVersion = 77;
			productRefGroup = 6EC3F1A62DEB6A9300509EDA /* Products */;
			projectDirPath = "";
			projectRoot = "";
			targets = (
				6EC3F1A42DEB6A9300509EDA /* TooDo */,
			);
		};
/* End PBXProject section */

/* Begin PBXResourcesBuildPhase section */
		6EC3F1A32DEB6A9300509EDA /* Resources */ = {
			isa = PBXResourcesBuildPhase;
			buildActionMask = 2147483647;
			files = (
			);
			runOnlyForDeploymentPostprocessing = 0;
		};
/* End PBXResourcesBuildPhase section */

/* Begin PBXSourcesBuildPhase section */
		6EC3F1A12DEB6A9300509EDA /* Sources */ = {
			isa = PBXSourcesBuildPhase;
			buildActionMask = 2147483647;
			files = (
			);
			runOnlyForDeploymentPostprocessing = 0;
		};
/* End PBXSourcesBuildPhase section */

/* Begin XCBuildConfiguration section */
		6EC3F1B92DEB6A9400509EDA /* Debug */ = {
			isa = XCBuildConfiguration;
			buildSettings = {
				ASSETCATALOG_COMPILER_APPICON_NAME = AppIcon;
				ASSETCATALOG_COMPILER_GLOBAL_ACCENT_COLOR_NAME = AccentColor;
				CODE_SIGN_STYLE = Automatic;
				CURRENT_PROJECT_VERSION = 1;
				DEVELOPMENT_TEAM = Y3B7G63349;
				GENERATE_INFOPLIST_FILE = YES;
				INFOPLIST_FILE = TooDo/Info.plist;
				INFOPLIST_KEY_UIApplicationSupportsIndirectInputEvents = YES;
				INFOPLIST_KEY_UILaunchStoryboardName = "";
				INFOPLIST_KEY_UIMainStoryboardFile = "";
				INFOPLIST_KEY_UISupportedInterfaceOrientations = UIInterfaceOrientationPortrait;
				INFOPLIST_KEY_UISupportedInterfaceOrientations_iPad = "UIInterfaceOrientationLandscapeLeft UIInterfaceOrientationLandscapeRight UIInterfaceOrientationPortrait UIInterfaceOrientationPortraitUpsideDown";
				IPHONEOS_DEPLOYMENT_TARGET = 17.0;
				LD_RUNPATH_SEARCH_PATHS = (
					"$(inherited)",
					"@executable_path/Frameworks",
				);
				MARKETING_VERSION = 1.0;
				PRODUCT_BUNDLE_IDENTIFIER = TooDo.TooDo;
				PRODUCT_NAME = "$(TARGET_NAME)";
				SUPPORTED_PLATFORMS = "iphoneos iphonesimulator";
				SUPPORTS_MACCATALYST = NO;
				SUPPORTS_MAC_DESIGNED_FOR_IPHONE_IPAD = NO;
				SUPPORTS_XR_DESIGNED_FOR_IPHONE_IPAD = NO;
				SWIFT_EMIT_LOC_STRINGS = YES;
				SWIFT_VERSION = 5.0;
				TARGETED_DEVICE_FAMILY = 1;
			};
			name = Debug;
		};
		6EC3F1BA2DEB6A9400509EDA /* Release */ = {
			isa = XCBuildConfiguration;
			buildSettings = {
				ASSETCATALOG_COMPILER_APPICON_NAME = AppIcon;
				ASSETCATALOG_COMPILER_GLOBAL_ACCENT_COLOR_NAME = AccentColor;
				CODE_SIGN_STYLE = Automatic;
				CURRENT_PROJECT_VERSION = 1;
				DEVELOPMENT_TEAM = Y3B7G63349;
				GENERATE_INFOPLIST_FILE = YES;
				INFOPLIST_FILE = TooDo/Info.plist;
				INFOPLIST_KEY_UIApplicationSupportsIndirectInputEvents = YES;
				INFOPLIST_KEY_UILaunchStoryboardName = "";
				INFOPLIST_KEY_UIMainStoryboardFile = "";
				INFOPLIST_KEY_UISupportedInterfaceOrientations = UIInterfaceOrientationPortrait;
				INFOPLIST_KEY_UISupportedInterfaceOrientations_iPad = "UIInterfaceOrientationLandscapeLeft UIInterfaceOrientationLandscapeRight UIInterfaceOrientationPortrait UIInterfaceOrientationPortraitUpsideDown";
				IPHONEOS_DEPLOYMENT_TARGET = 17.0;
				LD_RUNPATH_SEARCH_PATHS = (
					"$(inherited)",
					"@executable_path/Frameworks",
				);
				MARKETING_VERSION = 1.0;
				PRODUCT_BUNDLE_IDENTIFIER = TooDo.TooDo;
				PRODUCT_NAME = "$(TARGET_NAME)";
				SUPPORTED_PLATFORMS = "iphoneos iphonesimulator";
				SUPPORTS_MACCATALYST = NO;
				SUPPORTS_MAC_DESIGNED_FOR_IPHONE_IPAD = NO;
				SUPPORTS_XR_DESIGNED_FOR_IPHONE_IPAD = NO;
				SWIFT_EMIT_LOC_STRINGS = YES;
				SWIFT_VERSION = 5.0;
				TARGETED_DEVICE_FAMILY = 1;
			};
			name = Release;
		};
		6EC3F1BB2DEB6A9400509EDA /* Debug */ = {
			isa = XCBuildConfiguration;
			buildSettings = {
				ALWAYS_SEARCH_USER_PATHS = NO;
				ASSETCATALOG_COMPILER_GENERATE_SWIFT_ASSET_SYMBOL_EXTENSIONS = YES;
				CLANG_ANALYZER_NONNULL = YES;
				CLANG_ANALYZER_NUMBER_OBJECT_CONVERSION = YES_AGGRESSIVE;
				CLANG_CXX_LANGUAGE_STANDARD = "gnu++20";
				CLANG_ENABLE_MODULES = YES;
				CLANG_ENABLE_OBJC_ARC = YES;
				CLANG_ENABLE_OBJC_WEAK = YES;
				CLANG_WARN_BLOCK_CAPTURE_AUTORELEASING = YES;
				CLANG_WARN_BOOL_CONVERSION = YES;
				CLANG_WARN_COMMA = YES;
				CLANG_WARN_CONSTANT_CONVERSION = YES;
				CLANG_WARN_DEPRECATED_OBJC_IMPLEMENTATIONS = YES;
				CLANG_WARN_DIRECT_OBJC_ISA_USAGE = YES_ERROR;
				CLANG_WARN_DOCUMENTATION_COMMENTS = YES;
				CLANG_WARN_EMPTY_BODY = YES;
				CLANG_WARN_ENUM_CONVERSION = YES;
				CLANG_WARN_INFINITE_RECURSION = YES;
				CLANG_WARN_INT_CONVERSION = YES;
				CLANG_WARN_NON_LITERAL_NULL_CONVERSION = YES;
				CLANG_WARN_OBJC_IMPLICIT_RETAIN_SELF = YES;
				CLANG_WARN_OBJC_LITERAL_CONVERSION = YES;
				CLANG_WARN_OBJC_ROOT_CLASS = YES_ERROR;
				CLANG_WARN_QUOTED_INCLUDE_IN_FRAMEWORK_HEADER = YES;
				CLANG_WARN_RANGE_LOOP_ANALYSIS = YES;
				CLANG_WARN_STRICT_PROTOTYPES = YES;
				CLANG_WARN_SUSPICIOUS_MOVE = YES;
				CLANG_WARN_UNGUARDED_AVAILABILITY = YES_AGGRESSIVE;
				CLANG_WARN_UNREACHABLE_CODE = YES;
				CLANG_WARN__DUPLICATE_METHOD_MATCH = YES;
				COPY_PHASE_STRIP = NO;
				DEBUG_INFORMATION_FORMAT = dwarf;
				DEVELOPMENT_TEAM = Y3B7G63349;
				ENABLE_STRICT_OBJC_MSGSEND = YES;
				ENABLE_TESTABILITY = YES;
				ENABLE_USER_SCRIPT_SANDBOXING = YES;
				GCC_C_LANGUAGE_STANDARD = gnu17;
				GCC_DYNAMIC_NO_PIC = NO;
				GCC_NO_COMMON_BLOCKS = YES;
				GCC_OPTIMIZATION_LEVEL = 0;
				GCC_PREPROCESSOR_DEFINITIONS = (
					"DEBUG=1",
					"$(inherited)",
				);
				GCC_WARN_64_TO_32_BIT_CONVERSION = YES;
				GCC_WARN_ABOUT_RETURN_TYPE = YES_ERROR;
				GCC_WARN_UNDECLARED_SELECTOR = YES;
				GCC_WARN_UNINITIALIZED_AUTOS = YES_AGGRESSIVE;
				GCC_WARN_UNUSED_FUNCTION = YES;
				GCC_WARN_UNUSED_VARIABLE = YES;
				IPHONEOS_DEPLOYMENT_TARGET = 18.4;
				LOCALIZATION_PREFERS_STRING_CATALOGS = YES;
				MTL_ENABLE_DEBUG_INFO = INCLUDE_SOURCE;
				MTL_FAST_MATH = YES;
				ONLY_ACTIVE_ARCH = YES;
				SDKROOT = iphoneos;
				SWIFT_ACTIVE_COMPILATION_CONDITIONS = "DEBUG $(inherited)";
				SWIFT_OPTIMIZATION_LEVEL = "-Onone";
			};
			name = Debug;
		};
		6EC3F1BC2DEB6A9400509EDA /* Release */ = {
			isa = XCBuildConfiguration;
			buildSettings = {
				ALWAYS_SEARCH_USER_PATHS = NO;
				ASSETCATALOG_COMPILER_GENERATE_SWIFT_ASSET_SYMBOL_EXTENSIONS = YES;
				CLANG_ANALYZER_NONNULL = YES;
				CLANG_ANALYZER_NUMBER_OBJECT_CONVERSION = YES_AGGRESSIVE;
				CLANG_CXX_LANGUAGE_STANDARD = "gnu++20";
				CLANG_ENABLE_MODULES = YES;
				CLANG_ENABLE_OBJC_ARC = YES;
				CLANG_ENABLE_OBJC_WEAK = YES;
				CLANG_WARN_BLOCK_CAPTURE_AUTORELEASING = YES;
				CLANG_WARN_BOOL_CONVERSION = YES;
				CLANG_WARN_COMMA = YES;
				CLANG_WARN_CONSTANT_CONVERSION = YES;
				CLANG_WARN_DEPRECATED_OBJC_IMPLEMENTATIONS = YES;
				CLANG_WARN_DIRECT_OBJC_ISA_USAGE = YES_ERROR;
				CLANG_WARN_DOCUMENTATION_COMMENTS = YES;
				CLANG_WARN_EMPTY_BODY = YES;
				CLANG_WARN_ENUM_CONVERSION = YES;
				CLANG_WARN_INFINITE_RECURSION = YES;
				CLANG_WARN_INT_CONVERSION = YES;
				CLANG_WARN_NON_LITERAL_NULL_CONVERSION = YES;
				CLANG_WARN_OBJC_IMPLICIT_RETAIN_SELF = YES;
				CLANG_WARN_OBJC_LITERAL_CONVERSION = YES;
				CLANG_WARN_OBJC_ROOT_CLASS = YES_ERROR;
				CLANG_WARN_QUOTED_INCLUDE_IN_FRAMEWORK_HEADER = YES;
				CLANG_WARN_RANGE_LOOP_ANALYSIS = YES;
				CLANG_WARN_STRICT_PROTOTYPES = YES;
				CLANG_WARN_SUSPICIOUS_MOVE = YES;
				CLANG_WARN_UNGUARDED_AVAILABILITY = YES_AGGRESSIVE;
				CLANG_WARN_UNREACHABLE_CODE = YES;
				CLANG_WARN__DUPLICATE_METHOD_MATCH = YES;
				COPY_PHASE_STRIP = NO;
				DEBUG_INFORMATION_FORMAT = "dwarf-with-dsym";
				DEVELOPMENT_TEAM = Y3B7G63349;
				ENABLE_NS_ASSERTIONS = NO;
				ENABLE_STRICT_OBJC_MSGSEND = YES;
				ENABLE_USER_SCRIPT_SANDBOXING = YES;
				GCC_C_LANGUAGE_STANDARD = gnu17;
				GCC_NO_COMMON_BLOCKS = YES;
				GCC_WARN_64_TO_32_BIT_CONVERSION = YES;
				GCC_WARN_ABOUT_RETURN_TYPE = YES_ERROR;
				GCC_WARN_UNDECLARED_SELECTOR = YES;
				GCC_WARN_UNINITIALIZED_AUTOS = YES_AGGRESSIVE;
				GCC_WARN_UNUSED_FUNCTION = YES;
				GCC_WARN_UNUSED_VARIABLE = YES;
				IPHONEOS_DEPLOYMENT_TARGET = 18.4;
				LOCALIZATION_PREFERS_STRING_CATALOGS = YES;
				MTL_ENABLE_DEBUG_INFO = NO;
				MTL_FAST_MATH = YES;
				SDKROOT = iphoneos;
				SWIFT_COMPILATION_MODE = wholemodule;
				VALIDATE_PRODUCT = YES;
			};
			name = Release;
		};
/* End XCBuildConfiguration section */

/* Begin XCConfigurationList section */
		6EC3F1A02DEB6A9300509EDA /* Build configuration list for PBXProject "TooDo" */ = {
			isa = XCConfigurationList;
			buildConfigurations = (
				6EC3F1BB2DEB6A9400509EDA /* Debug */,
				6EC3F1BC2DEB6A9400509EDA /* Release */,
			);
			defaultConfigurationIsVisible = 0;
			defaultConfigurationName = Release;
		};
		6EC3F1B82DEB6A9400509EDA /* Build configuration list for PBXNativeTarget "TooDo" */ = {
			isa = XCConfigurationList;
			buildConfigurations = (
				6EC3F1B92DEB6A9400509EDA /* Debug */,
				6EC3F1BA2DEB6A9400509EDA /* Release */,
			);
			defaultConfigurationIsVisible = 0;
			defaultConfigurationName = Release;
		};
/* End XCConfigurationList section */

/* Begin XCRemoteSwiftPackageReference section */
		6EC3F1FA2DF5EADF00509EDA /* XCRemoteSwiftPackageReference "SnapKit" */ = {
			isa = XCRemoteSwiftPackageReference;
			repositoryURL = "https://github.com/SnapKit/SnapKit";
			requirement = {
				kind = upToNextMajorVersion;
				minimumVersion = 5.7.1;
			};
		};
		6EC3F20C2DFE09D900509EDA /* XCRemoteSwiftPackageReference "firebase-ios-sdk" */ = {
			isa = XCRemoteSwiftPackageReference;
			repositoryURL = "https://github.com/firebase/firebase-ios-sdk";
			requirement = {
				kind = upToNextMajorVersion;
				minimumVersion = 11.14.0;
			};
		};
/* End XCRemoteSwiftPackageReference section */

/* Begin XCSwiftPackageProductDependency section */
		6EC3F1FB2DF5EADF00509EDA /* SnapKit */ = {
			isa = XCSwiftPackageProductDependency;
			package = 6EC3F1FA2DF5EADF00509EDA /* XCRemoteSwiftPackageReference "SnapKit" */;
			productName = SnapKit;
		};
		6EC3F20D2DFE09D900509EDA /* FirebaseAnalytics */ = {
			isa = XCSwiftPackageProductDependency;
			package = 6EC3F20C2DFE09D900509EDA /* XCRemoteSwiftPackageReference "firebase-ios-sdk" */;
			productName = FirebaseAnalytics;
		};
		6EC3F20F2DFE09D900509EDA /* FirebaseAuth */ = {
			isa = XCSwiftPackageProductDependency;
			package = 6EC3F20C2DFE09D900509EDA /* XCRemoteSwiftPackageReference "firebase-ios-sdk" */;
			productName = FirebaseAuth;
		};
		6EC3F2112DFE09D900509EDA /* FirebaseCore */ = {
			isa = XCSwiftPackageProductDependency;
			package = 6EC3F20C2DFE09D900509EDA /* XCRemoteSwiftPackageReference "firebase-ios-sdk" */;
			productName = FirebaseCore;
		};
		6EC3F2132DFE09D900509EDA /* FirebaseFirestore */ = {
			isa = XCSwiftPackageProductDependency;
			package = 6EC3F20C2DFE09D900509EDA /* XCRemoteSwiftPackageReference "firebase-ios-sdk" */;
			productName = FirebaseFirestore;
		};
/* End XCSwiftPackageProductDependency section */
	};
	rootObject = 6EC3F19D2DEB6A9300509EDA /* Project object */;
}
